
Microsoft Visual Studio Solution File, Format Version 12.00
# Visual Studio Version 17
VisualStudioVersion = 17.13.35828.75 d17.13
MinimumVisualStudioVersion = 10.0.40219.1
Project("{FAE04EC0-301F-11D3-BF4B-00C04F79EFBC}") = "AWS_Basic_App", "AWS_Basic_App\AWS_Basic_App.csproj", "{F8793B0A-8243-4AD4-9516-21077F0B60AF}"
EndProject
Global
	GlobalSection(SolutionConfigurationPlatforms) = preSolution
		Debug|Any CPU = Debug|Any CPU
		Release|Any CPU = Release|Any CPU
	EndGlobalSection
	GlobalSection(ProjectConfigurationPlatforms) = postSolution
		{F8793B0A-8243-4AD4-9516-21077F0B60AF}.Debug|Any CPU.ActiveCfg = Debug|Any CPU
		{F8793B0A-8243-4AD4-9516-21077F0B60AF}.Debug|Any CPU.Build.0 = Debug|Any CPU
		{F8793B0A-8243-4AD4-9516-21077F0B60AF}.Release|Any CPU.ActiveCfg = Release|Any CPU
		{F8793B0A-8243-4AD4-9516-21077F0B60AF}.Release|Any CPU.Build.0 = Release|Any CPU
	EndGlobalSection
	GlobalSection(SolutionProperties) = preSolution
		HideSolutionNode = FALSE
	EndGlobalSection
	GlobalSection(ExtensibilityGlobals) = postSolution
		SolutionGuid = {F696901A-629B-4FAA-AC8C-9330C9E48ADB}
	EndGlobalSection
EndGlobal
